
Microsoft Visual Studio Solution File, Format Version 12.00
# Visual Studio Version 16
VisualStudioVersion = 16.0.29814.53
MinimumVisualStudioVersion = 10.0.40219.1
Project("{FAE04EC0-301F-11D3-BF4B-00C04F79EFBC}") = "3Snipe-GUI", "3Snipe-GUI\3Snipe-GUI.csproj", "{D2AF60C0-FAB8-49C2-9E84-6EED4FC50B09}"
EndProject
Global
	GlobalSection(SolutionConfigurationPlatforms) = preSolution
		Debug|Any CPU = Debug|Any CPU
		Debug|Default = Debug|Default
		Release|Any CPU = Release|Any CPU
		Release|Default = Release|Default
	EndGlobalSection
	GlobalSection(ProjectConfigurationPlatforms) = postSolution
		{D2AF60C0-FAB8-49C2-9E84-6EED4FC50B09}.Debug|Any CPU.ActiveCfg = Debug|Any CPU
		{D2AF60C0-FAB8-49C2-9E84-6EED4FC50B09}.Debug|Any CPU.Build.0 = Debug|Any CPU
		{D2AF60C0-FAB8-49C2-9E84-6EED4FC50B09}.Debug|Default.ActiveCfg = Debug|Any CPU
		{D2AF60C0-FAB8-49C2-9E84-6EED4FC50B09}.Debug|Default.Build.0 = Debug|Any CPU
		{D2AF60C0-FAB8-49C2-9E84-6EED4FC50B09}.Release|Any CPU.ActiveCfg = Release|Any CPU
		{D2AF60C0-FAB8-49C2-9E84-6EED4FC50B09}.Release|Any CPU.Build.0 = Release|Any CPU
		{D2AF60C0-FAB8-49C2-9E84-6EED4FC50B09}.Release|Default.ActiveCfg = Release|Any CPU
		{D2AF60C0-FAB8-49C2-9E84-6EED4FC50B09}.Release|Default.Build.0 = Release|Any CPU
	EndGlobalSection
	GlobalSection(SolutionProperties) = preSolution
		HideSolutionNode = FALSE
	EndGlobalSection
	GlobalSection(ExtensibilityGlobals) = postSolution
		SolutionGuid = {F0A5B3A9-9C66-4DEF-B2CF-E839CFEABE73}
	EndGlobalSection
	GlobalSection(SolutionConfigurationPlatforms) = preSolution
		Debug|Any CPU = Debug|Any CPU
		Debug|Default = Debug|Default
		Release|Any CPU = Release|Any CPU
		Release|Default = Release|Default
	EndGlobalSection
	GlobalSection(SolutionConfigurationPlatforms) = preSolution
		Debug|Any CPU = Debug|Any CPU
		Debug|Default = Debug|Default
		Release|Any CPU = Release|Any CPU
		Release|Default = Release|Default
	EndGlobalSection
EndGlobal
